
Microsoft Visual Studio Solution File, Format Version 12.00
# Visual Studio 15
Project("{FAE04EC0-301F-11D3-BF4B-00C04F79EFBC}") = "RotationTools", "RotationTools.csproj", "{F93E291E-3D2C-D43F-8C6D-54AB6E62AE2C}"
EndProject
Project("{FAE04EC0-301F-11D3-BF4B-00C04F79EFBC}") = "RotationTools.Editor", "RotationTools.Editor.csproj", "{0548DC9B-630A-302E-B3EB-1EA999802EC2}"
EndProject
Global
	GlobalSection(SolutionConfigurationPlatforms) = preSolution
		Debug|Any CPU = Debug|Any CPU
		Release|Any CPU = Release|Any CPU
	EndGlobalSection
	GlobalSection(ProjectConfigurationPlatforms) = postSolution
		{F93E291E-3D2C-D43F-8C6D-54AB6E62AE2C}.Debug|Any CPU.ActiveCfg = Debug|Any CPU
		{F93E291E-3D2C-D43F-8C6D-54AB6E62AE2C}.Debug|Any CPU.Build.0 = Debug|Any CPU
		{F93E291E-3D2C-D43F-8C6D-54AB6E62AE2C}.Release|Any CPU.ActiveCfg = Release|Any CPU
		{F93E291E-3D2C-D43F-8C6D-54AB6E62AE2C}.Release|Any CPU.Build.0 = Release|Any CPU
		{0548DC9B-630A-302E-B3EB-1EA999802EC2}.Debug|Any CPU.ActiveCfg = Debug|Any CPU
		{0548DC9B-630A-302E-B3EB-1EA999802EC2}.Debug|Any CPU.Build.0 = Debug|Any CPU
		{0548DC9B-630A-302E-B3EB-1EA999802EC2}.Release|Any CPU.ActiveCfg = Release|Any CPU
		{0548DC9B-630A-302E-B3EB-1EA999802EC2}.Release|Any CPU.Build.0 = Release|Any CPU
	EndGlobalSection
	GlobalSection(SolutionProperties) = preSolution
		HideSolutionNode = FALSE
	EndGlobalSection
EndGlobal
